
Microsoft Visual Studio Solution File, Format Version 12.00
# Visual Studio Version 16
VisualStudioVersion = 16.0.36227.6
MinimumVisualStudioVersion = 10.0.40219.1
Project("{FAE04EC0-301F-11D3-BF4B-00C04F79EFBC}") = "HanhChinhCong", "HanhChinhCong\HanhChinhCong.csproj", "{B7BE8CE7-0569-43BB-B875-EF4F274E7E0D}"
EndProject
Global
	GlobalSection(SolutionConfigurationPlatforms) = preSolution
		Debug|Any CPU = Debug|Any CPU
		Release|Any CPU = Release|Any CPU
	EndGlobalSection
	GlobalSection(ProjectConfigurationPlatforms) = postSolution
		{B7BE8CE7-0569-43BB-B875-EF4F274E7E0D}.Debug|Any CPU.ActiveCfg = Debug|Any CPU
		{B7BE8CE7-0569-43BB-B875-EF4F274E7E0D}.Debug|Any CPU.Build.0 = Debug|Any CPU
		{B7BE8CE7-0569-43BB-B875-EF4F274E7E0D}.Release|Any CPU.ActiveCfg = Release|Any CPU
		{B7BE8CE7-0569-43BB-B875-EF4F274E7E0D}.Release|Any CPU.Build.0 = Release|Any CPU
	EndGlobalSection
	GlobalSection(SolutionProperties) = preSolution
		HideSolutionNode = FALSE
	EndGlobalSection
	GlobalSection(ExtensibilityGlobals) = postSolution
		SolutionGuid = {1D2345EA-8379-4AC3-8A8A-8C9F23BBB911}
	EndGlobalSection
EndGlobal
